Microsoft Visual Studio Solution File, Format Version 12.00
# Visual Studio Version 16
VisualStudioVersion = 16.0.32106.194
MinimumVisualStudioVersion = 15.0.26124.0
Project("{9A19103F-16F7-4668-BE54-9A1E7A4F7556}") = "Zip.InstallmentsService.Test", "Zip.InstallmentsService.Test\Zip.InstallmentsService.Test.csproj", "{DF298FE5-362D-44BD-AD57-7DFC04CEB8B7}"
EndProject
Project("{FAE04EC0-301F-11D3-BF4B-00C04F79EFBC}") = "Zip.InstallmentsService.Api", "Zip.InstallmentsService.Api\Zip.InstallmentsService.Api.csproj", "{D645894B-0747-44B0-BAB7-9D087EA06AB6}"
EndProject
Project("{FAE04EC0-301F-11D3-BF4B-00C04F79EFBC}") = "Zip.InstallmentsService.Data", "Zip.InstallmentsService.Data\Zip.InstallmentsService.Data.csproj", "{B3D78778-D2A1-408F-9389-63A7EAEFDE7A}"
EndProject
Global
	GlobalSection(SolutionConfigurationPlatforms) = preSolution
		Debug|Any CPU = Debug|Any CPU
		Debug|x64 = Debug|x64
		Debug|x86 = Debug|x86
		Release|Any CPU = Release|Any CPU
		Release|x64 = Release|x64
		Release|x86 = Release|x86
	EndGlobalSection
	GlobalSection(ProjectConfigurationPlatforms) = postSolution
		{DF298FE5-362D-44BD-AD57-7DFC04CEB8B7}.Debug|Any CPU.ActiveCfg = Debug|Any CPU
		{DF298FE5-362D-44BD-AD57-7DFC04CEB8B7}.Debug|Any CPU.Build.0 = Debug|Any CPU
		{DF298FE5-362D-44BD-AD57-7DFC04CEB8B7}.Debug|x64.ActiveCfg = Debug|Any CPU
		{DF298FE5-362D-44BD-AD57-7DFC04CEB8B7}.Debug|x64.Build.0 = Debug|Any CPU
		{DF298FE5-362D-44BD-AD57-7DFC04CEB8B7}.Debug|x86.ActiveCfg = Debug|Any CPU
		{DF298FE5-362D-44BD-AD57-7DFC04CEB8B7}.Debug|x86.Build.0 = Debug|Any CPU
		{DF298FE5-362D-44BD-AD57-7DFC04CEB8B7}.Release|Any CPU.ActiveCfg = Release|Any CPU
		{DF298FE5-362D-44BD-AD57-7DFC04CEB8B7}.Release|Any CPU.Build.0 = Release|Any CPU
		{DF298FE5-362D-44BD-AD57-7DFC04CEB8B7}.Release|x64.ActiveCfg = Release|Any CPU
		{DF298FE5-362D-44BD-AD57-7DFC04CEB8B7}.Release|x64.Build.0 = Release|Any CPU
		{DF298FE5-362D-44BD-AD57-7DFC04CEB8B7}.Release|x86.ActiveCfg = Release|Any CPU
		{DF298FE5-362D-44BD-AD57-7DFC04CEB8B7}.Release|x86.Build.0 = Release|Any CPU
		{D645894B-0747-44B0-BAB7-9D087EA06AB6}.Debug|Any CPU.ActiveCfg = Debug|Any CPU
		{D645894B-0747-44B0-BAB7-9D087EA06AB6}.Debug|Any CPU.Build.0 = Debug|Any CPU
		{D645894B-0747-44B0-BAB7-9D087EA06AB6}.Debug|x64.ActiveCfg = Debug|Any CPU
		{D645894B-0747-44B0-BAB7-9D087EA06AB6}.Debug|x64.Build.0 = Debug|Any CPU
		{D645894B-0747-44B0-BAB7-9D087EA06AB6}.Debug|x86.ActiveCfg = Debug|Any CPU
		{D645894B-0747-44B0-BAB7-9D087EA06AB6}.Debug|x86.Build.0 = Debug|Any CPU
		{D645894B-0747-44B0-BAB7-9D087EA06AB6}.Release|Any CPU.ActiveCfg = Release|Any CPU
		{D645894B-0747-44B0-BAB7-9D087EA06AB6}.Release|Any CPU.Build.0 = Release|Any CPU
		{D645894B-0747-44B0-BAB7-9D087EA06AB6}.Release|x64.ActiveCfg = Release|Any CPU
		{D645894B-0747-44B0-BAB7-9D087EA06AB6}.Release|x64.Build.0 = Release|Any CPU
		{D645894B-0747-44B0-BAB7-9D087EA06AB6}.Release|x86.ActiveCfg = Release|Any CPU
		{D645894B-0747-44B0-BAB7-9D087EA06AB6}.Release|x86.Build.0 = Release|Any CPU
		{B3D78778-D2A1-408F-9389-63A7EAEFDE7A}.Debug|Any CPU.ActiveCfg = Debug|Any CPU
		{B3D78778-D2A1-408F-9389-63A7EAEFDE7A}.Debug|Any CPU.Build.0 = Debug|Any CPU
		{B3D78778-D2A1-408F-9389-63A7EAEFDE7A}.Debug|x64.ActiveCfg = Debug|Any CPU
		{B3D78778-D2A1-408F-9389-63A7EAEFDE7A}.Debug|x64.Build.0 = Debug|Any CPU
		{B3D78778-D2A1-408F-9389-63A7EAEFDE7A}.Debug|x86.ActiveCfg = Debug|Any CPU
		{B3D78778-D2A1-408F-9389-63A7EAEFDE7A}.Debug|x86.Build.0 = Debug|Any CPU
		{B3D78778-D2A1-408F-9389-63A7EAEFDE7A}.Release|Any CPU.ActiveCfg = Release|Any CPU
		{B3D78778-D2A1-408F-9389-63A7EAEFDE7A}.Release|Any CPU.Build.0 = Release|Any CPU
		{B3D78778-D2A1-408F-9389-63A7EAEFDE7A}.Release|x64.ActiveCfg = Release|Any CPU
		{B3D78778-D2A1-408F-9389-63A7EAEFDE7A}.Release|x64.Build.0 = Release|Any CPU
		{B3D78778-D2A1-408F-9389-63A7EAEFDE7A}.Release|x86.ActiveCfg = Release|Any CPU
		{B3D78778-D2A1-408F-9389-63A7EAEFDE7A}.Release|x86.Build.0 = Release|Any CPU
	EndGlobalSection
	GlobalSection(SolutionProperties) = preSolution
		HideSolutionNode = FALSE
	EndGlobalSection
	GlobalSection(ExtensibilityGlobals) = postSolution
		SolutionGuid = {26531DC6-7ECC-4E0F-911B-7792245371AA}
	EndGlobalSection
EndGlobal
